
Microsoft Visual Studio Solution File, Format Version 12.00
# Visual Studio Version 17
VisualStudioVersion = 17.1.32210.238
MinimumVisualStudioVersion = 10.0.40219.1
Project("{FAE04EC0-301F-11D3-BF4B-00C04F79EFBC}") = "WPF2", "WPF2\WPF2.csproj", "{DA058FD4-6AC3-4ABE-AE36-CFCE7A9C87FE}"
EndProject
Global
	GlobalSection(SolutionConfigurationPlatforms) = preSolution
		Debug|Any CPU = Debug|Any CPU
		Release|Any CPU = Release|Any CPU
	EndGlobalSection
	GlobalSection(ProjectConfigurationPlatforms) = postSolution
		{DA058FD4-6AC3-4ABE-AE36-CFCE7A9C87FE}.Debug|Any CPU.ActiveCfg = Debug|Any CPU
		{DA058FD4-6AC3-4ABE-AE36-CFCE7A9C87FE}.Debug|Any CPU.Build.0 = Debug|Any CPU
		{DA058FD4-6AC3-4ABE-AE36-CFCE7A9C87FE}.Release|Any CPU.ActiveCfg = Release|Any CPU
		{DA058FD4-6AC3-4ABE-AE36-CFCE7A9C87FE}.Release|Any CPU.Build.0 = Release|Any CPU
	EndGlobalSection
	GlobalSection(SolutionProperties) = preSolution
		HideSolutionNode = FALSE
	EndGlobalSection
	GlobalSection(ExtensibilityGlobals) = postSolution
		SolutionGuid = {C7F1AFBE-8446-43E8-89E1-014ADAA2F6D9}
	EndGlobalSection
EndGlobal
