
Microsoft Visual Studio Solution File, Format Version 12.00
# Visual Studio Version 17
VisualStudioVersion = 17.1.32319.34
MinimumVisualStudioVersion = 10.0.40219.1
Project("{FAE04EC0-301F-11D3-BF4B-00C04F79EFBC}") = "WebAPI", "WebAPI\WebAPI.csproj", "{02C35CF2-BF53-4096-B9E6-611A7E1524C9}"
EndProject
Global
	GlobalSection(SolutionConfigurationPlatforms) = preSolution
		Debug|Any CPU = Debug|Any CPU
		Release|Any CPU = Release|Any CPU
	EndGlobalSection
	GlobalSection(ProjectConfigurationPlatforms) = postSolution
		{02C35CF2-BF53-4096-B9E6-611A7E1524C9}.Debug|Any CPU.ActiveCfg = Debug|Any CPU
		{02C35CF2-BF53-4096-B9E6-611A7E1524C9}.Debug|Any CPU.Build.0 = Debug|Any CPU
		{02C35CF2-BF53-4096-B9E6-611A7E1524C9}.Release|Any CPU.ActiveCfg = Release|Any CPU
		{02C35CF2-BF53-4096-B9E6-611A7E1524C9}.Release|Any CPU.Build.0 = Release|Any CPU
	EndGlobalSection
	GlobalSection(SolutionProperties) = preSolution
		HideSolutionNode = FALSE
	EndGlobalSection
	GlobalSection(ExtensibilityGlobals) = postSolution
		SolutionGuid = {2E6D0C39-0148-4DB7-8E35-B51DB2FE2F35}
	EndGlobalSection
EndGlobal
