
Microsoft Visual Studio Solution File, Format Version 12.00
# Visual Studio Version 17
VisualStudioVersion = 17.1.32210.238
MinimumVisualStudioVersion = 10.0.40219.1
Project("{9A19103F-16F7-4668-BE54-9A1E7A4F7556}") = "WpfFirst", "WpfFirst\WpfFirst.csproj", "{49A9FFFA-6C52-4EDA-B773-C57401BE1CCA}"
EndProject
Project("{9A19103F-16F7-4668-BE54-9A1E7A4F7556}") = "SecondAPI", "..\..\SecondAPI\SecondAPI\SecondAPI.csproj", "{24739FB4-458C-45C7-BDFB-CC0225352911}"
EndProject
Global
	GlobalSection(SolutionConfigurationPlatforms) = preSolution
		Debug|Any CPU = Debug|Any CPU
		Release|Any CPU = Release|Any CPU
	EndGlobalSection
	GlobalSection(ProjectConfigurationPlatforms) = postSolution
		{49A9FFFA-6C52-4EDA-B773-C57401BE1CCA}.Debug|Any CPU.ActiveCfg = Debug|Any CPU
		{49A9FFFA-6C52-4EDA-B773-C57401BE1CCA}.Debug|Any CPU.Build.0 = Debug|Any CPU
		{49A9FFFA-6C52-4EDA-B773-C57401BE1CCA}.Release|Any CPU.ActiveCfg = Release|Any CPU
		{49A9FFFA-6C52-4EDA-B773-C57401BE1CCA}.Release|Any CPU.Build.0 = Release|Any CPU
		{24739FB4-458C-45C7-BDFB-CC0225352911}.Debug|Any CPU.ActiveCfg = Debug|Any CPU
		{24739FB4-458C-45C7-BDFB-CC0225352911}.Debug|Any CPU.Build.0 = Debug|Any CPU
		{24739FB4-458C-45C7-BDFB-CC0225352911}.Release|Any CPU.ActiveCfg = Release|Any CPU
		{24739FB4-458C-45C7-BDFB-CC0225352911}.Release|Any CPU.Build.0 = Release|Any CPU
	EndGlobalSection
	GlobalSection(SolutionProperties) = preSolution
		HideSolutionNode = FALSE
	EndGlobalSection
	GlobalSection(ExtensibilityGlobals) = postSolution
		SolutionGuid = {EE1F8EC4-CDF0-4624-B8B1-821F7EBD1F7A}
	EndGlobalSection
EndGlobal
