
Microsoft Visual Studio Solution File, Format Version 12.00
# Visual Studio Version 17
VisualStudioVersion = 17.1.32210.238
MinimumVisualStudioVersion = 10.0.40219.1
Project("{FAE04EC0-301F-11D3-BF4B-00C04F79EFBC}") = "GamesAPI", "GamesAPI\GamesAPI.csproj", "{B7A12C86-BD32-4370-AAD0-328F1259834B}"
EndProject
Global
	GlobalSection(SolutionConfigurationPlatforms) = preSolution
		Debug|Any CPU = Debug|Any CPU
		Release|Any CPU = Release|Any CPU
	EndGlobalSection
	GlobalSection(ProjectConfigurationPlatforms) = postSolution
		{B7A12C86-BD32-4370-AAD0-328F1259834B}.Debug|Any CPU.ActiveCfg = Debug|Any CPU
		{B7A12C86-BD32-4370-AAD0-328F1259834B}.Debug|Any CPU.Build.0 = Debug|Any CPU
		{B7A12C86-BD32-4370-AAD0-328F1259834B}.Release|Any CPU.ActiveCfg = Release|Any CPU
		{B7A12C86-BD32-4370-AAD0-328F1259834B}.Release|Any CPU.Build.0 = Release|Any CPU
	EndGlobalSection
	GlobalSection(SolutionProperties) = preSolution
		HideSolutionNode = FALSE
	EndGlobalSection
	GlobalSection(ExtensibilityGlobals) = postSolution
		SolutionGuid = {004E49E3-EB9E-4A5D-9A2E-3764FFAB65F4}
	EndGlobalSection
EndGlobal
