
Microsoft Visual Studio Solution File, Format Version 12.00
# Visual Studio Version 17
VisualStudioVersion = 17.1.32210.238
MinimumVisualStudioVersion = 10.0.40219.1
Project("{FAE04EC0-301F-11D3-BF4B-00C04F79EFBC}") = "MyFstApp", "MyFstApp\MyFstApp.csproj", "{18626F3A-B864-49D5-A812-87A66E98CF00}"
EndProject
Global
	GlobalSection(SolutionConfigurationPlatforms) = preSolution
		Debug|Any CPU = Debug|Any CPU
		Release|Any CPU = Release|Any CPU
	EndGlobalSection
	GlobalSection(ProjectConfigurationPlatforms) = postSolution
		{18626F3A-B864-49D5-A812-87A66E98CF00}.Debug|Any CPU.ActiveCfg = Debug|Any CPU
		{18626F3A-B864-49D5-A812-87A66E98CF00}.Debug|Any CPU.Build.0 = Debug|Any CPU
		{18626F3A-B864-49D5-A812-87A66E98CF00}.Release|Any CPU.ActiveCfg = Release|Any CPU
		{18626F3A-B864-49D5-A812-87A66E98CF00}.Release|Any CPU.Build.0 = Release|Any CPU
	EndGlobalSection
	GlobalSection(SolutionProperties) = preSolution
		HideSolutionNode = FALSE
	EndGlobalSection
	GlobalSection(ExtensibilityGlobals) = postSolution
		SolutionGuid = {534EC43C-09D5-490C-B05D-409A20C52A88}
	EndGlobalSection
EndGlobal
